
Microsoft Visual Studio Solution File, Format Version 12.00
# Visual Studio 15
VisualStudioVersion = 15.0.27703.2035
MinimumVisualStudioVersion = 10.0.40219.1
Project("{FAE04EC0-301F-11D3-BF4B-00C04F79EFBC}") = "networkingPlayer", "networkingPlayer\networkingPlayer.csproj", "{A678EEE2-D2D0-4641-AE5F-54BA9E302FFC}"
EndProject
Global
	GlobalSection(SolutionConfigurationPlatforms) = preSolution
		Debug|Any CPU = Debug|Any CPU
		Release|Any CPU = Release|Any CPU
	EndGlobalSection
	GlobalSection(ProjectConfigurationPlatforms) = postSolution
		{A678EEE2-D2D0-4641-AE5F-54BA9E302FFC}.Debug|Any CPU.ActiveCfg = Release|Any CPU
		{A678EEE2-D2D0-4641-AE5F-54BA9E302FFC}.Debug|Any CPU.Build.0 = Release|Any CPU
		{A678EEE2-D2D0-4641-AE5F-54BA9E302FFC}.Release|Any CPU.ActiveCfg = Release|Any CPU
		{A678EEE2-D2D0-4641-AE5F-54BA9E302FFC}.Release|Any CPU.Build.0 = Release|Any CPU
	EndGlobalSection
	GlobalSection(SolutionProperties) = preSolution
		HideSolutionNode = FALSE
	EndGlobalSection
	GlobalSection(ExtensibilityGlobals) = postSolution
		SolutionGuid = {A2BDC73F-DA43-43AC-B16E-EDC023B41315}
	EndGlobalSection
EndGlobal
